{
  "name": "markdowntopdf",
  "version": "1.0.0",
  "lockfileVersion": 1,
  "requires": true,
  "dependencies": {
    "ajv": {
      "version": "6.10.2",
      "resolved": "https://registry.npm.taobao.org/ajv/download/ajv-6.10.2.tgz",
      "integrity": "sha1-086gTWsBeyiUrWkED+yLYj60vVI=",
      "requires": {
        "fast-deep-equal": "2.0.1",
        "fast-json-stable-stringify": "2.0.0",
        "json-schema-traverse": "0.4.1",
        "uri-js": "4.2.2"
      }
    },
    "argparse": {
      "version": "1.0.10",
      "resolved": "https://registry.npm.taobao.org/argparse/download/argparse-1.0.10.tgz",
      "integrity": "sha1-vNZ5HqWuCXJeF+WtmIE0zUCz2RE=",
      "requires": {
        "sprintf-js": "1.0.3"
      }
    },
    "asn1": {
      "version": "0.2.4",
      "resolved": "https://registry.npm.taobao.org/asn1/download/asn1-0.2.4.tgz",
      "integrity": "sha1-jSR136tVO7M+d7VOWeiAu4ziMTY=",
      "requires": {
        "safer-buffer": "2.1.2"
      }
    },
    "assert-plus": {
      "version": "1.0.0",
      "resolved": "https://registry.npm.taobao.org/assert-plus/download/assert-plus-1.0.0.tgz",
      "integrity": "sha1-8S4PPF13sLHN2RRpQuTpbB5N1SU="
    },
    "async": {
      "version": "1.5.2",
      "resolved": "https://registry.npm.taobao.org/async/download/async-1.5.2.tgz",
      "integrity": "sha1-7GphrlZIDAw8skHJVhjiCJL5Zyo="
    },
    "asynckit": {
      "version": "0.4.0",
      "resolved": "https://registry.npm.taobao.org/asynckit/download/asynckit-0.4.0.tgz",
      "integrity": "sha1-x57Zf380y48robyXkLzDZkdLS3k="
    },
    "autolinker": {
      "version": "3.11.1",
      "resolved": "https://registry.npm.taobao.org/autolinker/download/autolinker-3.11.1.tgz",
      "integrity": "sha1-qk+RA3HfCRsNcU2NbnANU/NXzpU=",
      "requires": {
        "tslib": "1.10.0"
      }
    },
    "aws-sign2": {
      "version": "0.7.0",
      "resolved": "https://registry.npm.taobao.org/aws-sign2/download/aws-sign2-0.7.0.tgz",
      "integrity": "sha1-tG6JCTSpWR8tL2+G1+ap8bP+dqg="
    },
    "aws4": {
      "version": "1.9.0",
      "resolved": "https://registry.npm.taobao.org/aws4/download/aws4-1.9.0.tgz",
      "integrity": "sha1-JDkOatYThrCnRyZXVNKhchnehiw="
    },
    "balanced-match": {
      "version": "1.0.0",
      "resolved": "https://registry.npm.taobao.org/balanced-match/download/balanced-match-1.0.0.tgz",
      "integrity": "sha1-ibTRmasr7kneFk6gK4nORi1xt2c="
    },
    "bcrypt-pbkdf": {
      "version": "1.0.2",
      "resolved": "https://registry.npm.taobao.org/bcrypt-pbkdf/download/bcrypt-pbkdf-1.0.2.tgz",
      "integrity": "sha1-pDAdOJtqQ/m2f/PKEaP2Y342Dp4=",
      "requires": {
        "tweetnacl": "0.14.5"
      }
    },
    "body-parser": {
      "version": "1.17.1",
      "resolved": "https://registry.npm.taobao.org/body-parser/download/body-parser-1.17.1.tgz",
      "integrity": "sha1-dbO8mN3W5+DY/+dQ36ylxmmT+kc=",
      "requires": {
        "bytes": "2.4.0",
        "content-type": "1.0.2",
        "debug": "2.6.1",
        "depd": "1.1.0",
        "http-errors": "1.6.1",
        "iconv-lite": "0.4.15",
        "on-finished": "2.3.0",
        "qs": "6.4.0",
        "raw-body": "2.2.0",
        "type-is": "1.6.14"
      },
      "dependencies": {
        "bytes": {
          "version": "2.4.0",
          "resolved": "https://registry.npm.taobao.org/bytes/download/bytes-2.4.0.tgz",
          "integrity": "sha1-fZcZb51br39pNeJZhVSe3SpsIzk="
        },
        "content-type": {
          "version": "1.0.2",
          "resolved": "https://registry.npm.taobao.org/content-type/download/content-type-1.0.2.tgz",
          "integrity": "sha1-t9ETrueo3Se9IRM8TcJSnfFyHu0="
        },
        "debug": {
          "version": "2.6.1",
          "resolved": "https://registry.npm.taobao.org/debug/download/debug-2.6.1.tgz",
          "integrity": "sha1-eYVQkLosTjEVzH2HaUkdWPBJE1E=",
          "requires": {
            "ms": "0.7.2"
          },
          "dependencies": {
            "ms": {
              "version": "0.7.2",
              "resolved": "https://registry.npm.taobao.org/ms/download/ms-0.7.2.tgz",
              "integrity": "sha1-riXPJRKziFodldfwN4aNhDESR2U="
            }
          }
        },
        "depd": {
          "version": "1.1.0",
          "resolved": "https://registry.npm.taobao.org/depd/download/depd-1.1.0.tgz",
          "integrity": "sha1-4b2Cxqq2ztlluXuIsX7T5SjKGMM="
        },
        "http-errors": {
          "version": "1.6.1",
          "resolved": "https://registry.npm.taobao.org/http-errors/download/http-errors-1.6.1.tgz",
          "integrity": "sha1-X4uO2YrKVFZWv1cplzh/kEpyIlc=",
          "requires": {
            "depd": "1.1.0",
            "inherits": "2.0.3",
            "setprototypeof": "1.0.3",
            "statuses": "1.3.1"
          },
          "dependencies": {
            "inherits": {
              "version": "2.0.3",
              "resolved": "https://registry.npm.taobao.org/inherits/download/inherits-2.0.3.tgz",
              "integrity": "sha1-Yzwsg+PaQqUC9SRmAiSA9CCCYd4="
            },
            "setprototypeof": {
              "version": "1.0.3",
              "resolved": "https://registry.npm.taobao.org/setprototypeof/download/setprototypeof-1.0.3.tgz",
              "integrity": "sha1-ZlZ+NwQ+608E2RvWWMDL77VbjgQ="
            },
            "statuses": {
              "version": "1.3.1",
              "resolved": "https://registry.npm.taobao.org/statuses/download/statuses-1.3.1.tgz",
              "integrity": "sha1-+vUbnrdKrvOzrPStX2Gr8ky3uT4="
            }
          }
        },
        "iconv-lite": {
          "version": "0.4.15",
          "resolved": "https://registry.npm.taobao.org/iconv-lite/download/iconv-lite-0.4.15.tgz",
          "integrity": "sha1-/iZaIYrGpXz+hUkn6dBMGYJe3es="
        },
        "on-finished": {
          "version": "2.3.0",
          "resolved": "https://registry.npm.taobao.org/on-finished/download/on-finished-2.3.0.tgz",
          "integrity": "sha1-IPEzZIGwg811M3mSoWlxqi2QaUc=",
          "requires": {
            "ee-first": "1.1.1"
          },
          "dependencies": {
            "ee-first": {
              "version": "1.1.1",
              "resolved": "https://registry.npm.taobao.org/ee-first/download/ee-first-1.1.1.tgz",
              "integrity": "sha1-WQxhFWsK4vTwJVcyoViyZrxWsh0="
            }
          }
        },
        "qs": {
          "version": "6.4.0",
          "resolved": "https://registry.npm.taobao.org/qs/download/qs-6.4.0.tgz",
          "integrity": "sha1-E+JtKK1rD/qpExLNO/cI7TUecjM="
        },
        "raw-body": {
          "version": "2.2.0",
          "resolved": "https://registry.npm.taobao.org/raw-body/download/raw-body-2.2.0.tgz",
          "integrity": "sha1-mUl2z2pQlqQRYoQEkvC9xdbn+5Y=",
          "requires": {
            "bytes": "2.4.0",
            "iconv-lite": "0.4.15",
            "unpipe": "1.0.0"
          },
          "dependencies": {
            "unpipe": {
              "version": "1.0.0",
              "resolved": "https://registry.npm.taobao.org/unpipe/download/unpipe-1.0.0.tgz",
              "integrity": "sha1-sr9O6FFKrmFltIF4KdIbLvSZBOw="
            }
          }
        },
        "type-is": {
          "version": "1.6.14",
          "resolved": "https://registry.npm.taobao.org/type-is/download/type-is-1.6.14.tgz",
          "integrity": "sha1-4hljnBfe0coHiQkt1UoDgmuBfLI=",
          "requires": {
            "media-typer": "0.3.0",
            "mime-types": "2.1.15"
          },
          "dependencies": {
            "media-typer": {
              "version": "0.3.0",
              "resolved": "https://registry.npm.taobao.org/media-typer/download/media-typer-0.3.0.tgz",
              "integrity": "sha1-hxDXrwqmJvj/+hzgAWhUUmMlV0g="
            },
            "mime-types": {
              "version": "2.1.15",
              "resolved": "https://registry.npm.taobao.org/mime-types/download/mime-types-2.1.15.tgz",
              "integrity": "sha1-pOv1BkCUVpI3uM9wBGd20J/JKu0=",
              "requires": {
                "mime-db": "1.27.0"
              },
              "dependencies": {
                "mime-db": {
                  "version": "1.27.0",
                  "resolved": "https://registry.npm.taobao.org/mime-db/download/mime-db-1.27.0.tgz",
                  "integrity": "sha1-gg9XIpa70g7CXtVeW13oaeVDbrE="
                }
              }
            }
          }
        }
      }
    },
    "brace-expansion": {
      "version": "1.1.11",
      "resolved": "https://registry.npm.taobao.org/brace-expansion/download/brace-expansion-1.1.11.tgz",
      "integrity": "sha1-PH/L9SnYcibz0vUrlm/1Jx60Qd0=",
      "requires": {
        "balanced-match": "1.0.0",
        "concat-map": "0.0.1"
      }
    },
    "buffer-from": {
      "version": "1.1.1",
      "resolved": "https://registry.npm.taobao.org/buffer-from/download/buffer-from-1.1.1.tgz",
      "integrity": "sha1-MnE7wCj3XAL9txDXx7zsHyxgcO8="
    },
    "caseless": {
      "version": "0.12.0",
      "resolved": "https://registry.npm.taobao.org/caseless/download/caseless-0.12.0.tgz",
      "integrity": "sha1-G2gcIf+EAzyCZUMJBolCDRhxUdw="
    },
    "combined-stream": {
      "version": "1.0.8",
      "resolved": "https://registry.npm.taobao.org/combined-stream/download/combined-stream-1.0.8.tgz",
      "integrity": "sha1-w9RaizT9cwYxoRCoolIGgrMdWn8=",
      "requires": {
        "delayed-stream": "1.0.0"
      }
    },
    "commander": {
      "version": "3.0.2",
      "resolved": "https://registry.npm.taobao.org/commander/download/commander-3.0.2.tgz?cache=0&sync_timestamp=1573464045808&other_urls=https%3A%2F%2Fregistry.npm.taobao.org%2Fcommander%2Fdownload%2Fcommander-3.0.2.tgz",
      "integrity": "sha1-aDfD+2d62ZM9HPukLdFNURfWs54="
    },
    "concat-map": {
      "version": "0.0.1",
      "resolved": "https://registry.npm.taobao.org/concat-map/download/concat-map-0.0.1.tgz",
      "integrity": "sha1-2Klr13/Wjfd5OnMDajug1UBdR3s="
    },
    "concat-stream": {
      "version": "1.6.2",
      "resolved": "https://registry.npm.taobao.org/concat-stream/download/concat-stream-1.6.2.tgz",
      "integrity": "sha1-kEvfGUzTEi/Gdcd/xKw9T/D9GjQ=",
      "requires": {
        "buffer-from": "1.1.1",
        "inherits": "2.0.4",
        "readable-stream": "2.3.6",
        "typedarray": "0.0.6"
      }
    },
    "core-util-is": {
      "version": "1.0.2",
      "resolved": "https://registry.npm.taobao.org/core-util-is/download/core-util-is-1.0.2.tgz",
      "integrity": "sha1-tf1UIgqivFq1eqtxQMlAdUUDwac="
    },
    "dashdash": {
      "version": "1.14.1",
      "resolved": "https://registry.npm.taobao.org/dashdash/download/dashdash-1.14.1.tgz",
      "integrity": "sha1-hTz6D3y+L+1d4gMmuN1YEDX24vA=",
      "requires": {
        "assert-plus": "1.0.0"
      }
    },
    "debug": {
      "version": "2.6.9",
      "resolved": "https://registry.npm.taobao.org/debug/download/debug-2.6.9.tgz",
      "integrity": "sha1-XRKFFd8TT/Mn6QpMk/Tgd6U2NB8=",
      "requires": {
        "ms": "2.0.0"
      }
    },
    "delayed-stream": {
      "version": "1.0.0",
      "resolved": "https://registry.npm.taobao.org/delayed-stream/download/delayed-stream-1.0.0.tgz",
      "integrity": "sha1-3zrhmayt+31ECqrgsp4icrJOxhk="
    },
    "duplexer": {
      "version": "0.1.1",
      "resolved": "https://registry.npm.taobao.org/duplexer/download/duplexer-0.1.1.tgz",
      "integrity": "sha1-rOb/gIwc5mtX0ev5eXessCM0z8E="
    },
    "ecc-jsbn": {
      "version": "0.1.2",
      "resolved": "https://registry.npm.taobao.org/ecc-jsbn/download/ecc-jsbn-0.1.2.tgz",
      "integrity": "sha1-OoOpBOVDUyh4dMVkt1SThoSamMk=",
      "requires": {
        "jsbn": "0.1.1",
        "safer-buffer": "2.1.2"
      }
    },
    "es6-promise": {
      "version": "4.2.8",
      "resolved": "https://registry.npm.taobao.org/es6-promise/download/es6-promise-4.2.8.tgz",
      "integrity": "sha1-TrIVlMlyvEBVPSduUQU5FD21Pgo="
    },
    "express": {
      "version": "4.15.2",
      "resolved": "https://registry.npm.taobao.org/express/download/express-4.15.2.tgz",
      "integrity": "sha1-rxB/wUhQRFfy3Kmm8lcdcSm5ezU=",
      "requires": {
        "accepts": "1.3.3",
        "array-flatten": "1.1.1",
        "content-disposition": "0.5.2",
        "content-type": "1.0.2",
        "cookie": "0.3.1",
        "cookie-signature": "1.0.6",
        "debug": "2.6.1",
        "depd": "1.1.0",
        "encodeurl": "1.0.1",
        "escape-html": "1.0.3",
        "etag": "1.8.0",
        "finalhandler": "1.0.1",
        "fresh": "0.5.0",
        "merge-descriptors": "1.0.1",
        "methods": "1.1.2",
        "on-finished": "2.3.0",
        "parseurl": "1.3.1",
        "path-to-regexp": "0.1.7",
        "proxy-addr": "1.1.3",
        "qs": "6.4.0",
        "range-parser": "1.2.0",
        "send": "0.15.1",
        "serve-static": "1.12.1",
        "setprototypeof": "1.0.3",
        "statuses": "1.3.1",
        "type-is": "1.6.14",
        "utils-merge": "1.0.0",
        "vary": "1.1.1"
      },
      "dependencies": {
        "accepts": {
          "version": "1.3.3",
          "resolved": "https://registry.npm.taobao.org/accepts/download/accepts-1.3.3.tgz",
          "integrity": "sha1-w8p0NJOGSMPg2cHjKN1otiLChMo=",
          "requires": {
            "mime-types": "2.1.15",
            "negotiator": "0.6.1"
          },
          "dependencies": {
            "mime-types": {
              "version": "2.1.15",
              "resolved": "https://registry.npm.taobao.org/mime-types/download/mime-types-2.1.15.tgz",
              "integrity": "sha1-pOv1BkCUVpI3uM9wBGd20J/JKu0=",
              "requires": {
                "mime-db": "1.27.0"
              },
              "dependencies": {
                "mime-db": {
                  "version": "1.27.0",
                  "resolved": "https://registry.npm.taobao.org/mime-db/download/mime-db-1.27.0.tgz",
                  "integrity": "sha1-gg9XIpa70g7CXtVeW13oaeVDbrE="
                }
              }
            },
            "negotiator": {
              "version": "0.6.1",
              "resolved": "https://registry.npm.taobao.org/negotiator/download/negotiator-0.6.1.tgz",
              "integrity": "sha1-KzJxhOiZIQEXeyhWP7XnECrNDKk="
            }
          }
        },
        "array-flatten": {
          "version": "1.1.1",
          "resolved": "https://registry.npm.taobao.org/array-flatten/download/array-flatten-1.1.1.tgz",
          "integrity": "sha1-ml9pkFGx5wczKPKgCJaLZOopVdI="
        },
        "content-disposition": {
          "version": "0.5.2",
          "resolved": "https://registry.npm.taobao.org/content-disposition/download/content-disposition-0.5.2.tgz",
          "integrity": "sha1-DPaLud318r55YcOoUXjLhdunjLQ="
        },
        "content-type": {
          "version": "1.0.2",
          "resolved": "https://registry.npm.taobao.org/content-type/download/content-type-1.0.2.tgz",
          "integrity": "sha1-t9ETrueo3Se9IRM8TcJSnfFyHu0="
        },
        "cookie": {
          "version": "0.3.1",
          "resolved": "https://registry.npm.taobao.org/cookie/download/cookie-0.3.1.tgz",
          "integrity": "sha1-5+Ch+e9DtMi6klxcWpboBtFoc7s="
        },
        "cookie-signature": {
          "version": "1.0.6",
          "resolved": "https://registry.npm.taobao.org/cookie-signature/download/cookie-signature-1.0.6.tgz",
          "integrity": "sha1-4wOogrNCzD7oylE6eZmXNNqzriw="
        },
        "debug": {
          "version": "2.6.1",
          "resolved": "https://registry.npm.taobao.org/debug/download/debug-2.6.1.tgz",
          "integrity": "sha1-eYVQkLosTjEVzH2HaUkdWPBJE1E=",
          "requires": {
            "ms": "0.7.2"
          },
          "dependencies": {
            "ms": {
              "version": "0.7.2",
              "resolved": "https://registry.npm.taobao.org/ms/download/ms-0.7.2.tgz",
              "integrity": "sha1-riXPJRKziFodldfwN4aNhDESR2U="
            }
          }
        },
        "depd": {
          "version": "1.1.0",
          "resolved": "https://registry.npm.taobao.org/depd/download/depd-1.1.0.tgz",
          "integrity": "sha1-4b2Cxqq2ztlluXuIsX7T5SjKGMM="
        },
        "encodeurl": {
          "version": "1.0.1",
          "resolved": "https://registry.npm.taobao.org/encodeurl/download/encodeurl-1.0.1.tgz",
          "integrity": "sha1-eePVhlU0aQn+bw9Fpd5oEDspTSA="
        },
        "escape-html": {
          "version": "1.0.3",
          "resolved": "https://registry.npm.taobao.org/escape-html/download/escape-html-1.0.3.tgz",
          "integrity": "sha1-Aljq5NPQwJdN4cFpGI7wBR0dGYg="
        },
        "etag": {
          "version": "1.8.0",
          "resolved": "https://registry.npm.taobao.org/etag/download/etag-1.8.0.tgz",
          "integrity": "sha1-b2Ma7zNtbEY2K1F2QETOIWvjwFE="
        },
        "finalhandler": {
          "version": "1.0.1",
          "resolved": "https://registry.npm.taobao.org/finalhandler/download/finalhandler-1.0.1.tgz",
          "integrity": "sha1-vNFdFonA5e1ym29/VBpt+YQRfbg=",
          "requires": {
            "debug": "2.6.3",
            "encodeurl": "1.0.1",
            "escape-html": "1.0.3",
            "on-finished": "2.3.0",
            "parseurl": "1.3.1",
            "statuses": "1.3.1",
            "unpipe": "1.0.0"
          },
          "dependencies": {
            "debug": {
              "version": "2.6.3",
              "resolved": "https://registry.npm.taobao.org/debug/download/debug-2.6.3.tgz",
              "integrity": "sha1-D364wwll7AjHKsz6ATDIt5mEFB0=",
              "requires": {
                "ms": "0.7.2"
              },
              "dependencies": {
                "ms": {
                  "version": "0.7.2",
                  "resolved": "https://registry.npm.taobao.org/ms/download/ms-0.7.2.tgz",
                  "integrity": "sha1-riXPJRKziFodldfwN4aNhDESR2U="
                }
              }
            },
            "unpipe": {
              "version": "1.0.0",
              "resolved": "https://registry.npm.taobao.org/unpipe/download/unpipe-1.0.0.tgz",
              "integrity": "sha1-sr9O6FFKrmFltIF4KdIbLvSZBOw="
            }
          }
        },
        "fresh": {
          "version": "0.5.0",
          "resolved": "https://registry.npm.taobao.org/fresh/download/fresh-0.5.0.tgz",
          "integrity": "sha1-9HTKXmqSRtb9jglTz6m5yAWvp44="
        },
        "merge-descriptors": {
          "version": "1.0.1",
          "resolved": "https://registry.npm.taobao.org/merge-descriptors/download/merge-descriptors-1.0.1.tgz",
          "integrity": "sha1-sAqqVW3YtEVoFQ7J0blT8/kMu2E="
        },
        "methods": {
          "version": "1.1.2",
          "resolved": "https://registry.npm.taobao.org/methods/download/methods-1.1.2.tgz",
          "integrity": "sha1-VSmk1nZUE07cxSZmVoNbD4Ua/O4="
        },
        "on-finished": {
          "version": "2.3.0",
          "resolved": "https://registry.npm.taobao.org/on-finished/download/on-finished-2.3.0.tgz",
          "integrity": "sha1-IPEzZIGwg811M3mSoWlxqi2QaUc=",
          "requires": {
            "ee-first": "1.1.1"
          },
          "dependencies": {
            "ee-first": {
              "version": "1.1.1",
              "resolved": "https://registry.npm.taobao.org/ee-first/download/ee-first-1.1.1.tgz",
              "integrity": "sha1-WQxhFWsK4vTwJVcyoViyZrxWsh0="
            }
          }
        },
        "parseurl": {
          "version": "1.3.1",
          "resolved": "https://registry.npm.taobao.org/parseurl/download/parseurl-1.3.1.tgz",
          "integrity": "sha1-yKuMkiO6NIiKpkopeyiFO+wY2lY="
        },
        "path-to-regexp": {
          "version": "0.1.7",
          "resolved": "https://registry.npm.taobao.org/path-to-regexp/download/path-to-regexp-0.1.7.tgz",
          "integrity": "sha1-32BBeABfUi8V60SQ5yR6G/qmf4w="
        },
        "proxy-addr": {
          "version": "1.1.3",
          "resolved": "https://registry.npm.taobao.org/proxy-addr/download/proxy-addr-1.1.3.tgz",
          "integrity": "sha1-3JdQL1ci6IhGez+iKXp7H/R98HQ=",
          "requires": {
            "forwarded": "0.1.0",
            "ipaddr.js": "1.2.0"
          },
          "dependencies": {
            "forwarded": {
              "version": "0.1.0",
              "resolved": "https://registry.npm.taobao.org/forwarded/download/forwarded-0.1.0.tgz",
              "integrity": "sha1-Ge+YdMSuHCl7zweP3mOgm2aoQ2M="
            },
            "ipaddr.js": {
              "version": "1.2.0",
              "resolved": "https://registry.npm.taobao.org/ipaddr.js/download/ipaddr.js-1.2.0.tgz",
              "integrity": "sha1-irpJyRknmVhb3WQ+DMtQ6K53e6Q="
            }
          }
        },
        "qs": {
          "version": "6.4.0",
          "resolved": "https://registry.npm.taobao.org/qs/download/qs-6.4.0.tgz",
          "integrity": "sha1-E+JtKK1rD/qpExLNO/cI7TUecjM="
        },
        "range-parser": {
          "version": "1.2.0",
          "resolved": "https://registry.npm.taobao.org/range-parser/download/range-parser-1.2.0.tgz",
          "integrity": "sha1-9JvmtIeJTdxA3MlKMi9hEJLgDV4="
        },
        "send": {
          "version": "0.15.1",
          "resolved": "https://registry.npm.taobao.org/send/download/send-0.15.1.tgz",
          "integrity": "sha1-igI1TCbm9cynAAZfXwzeupDse18=",
          "requires": {
            "debug": "2.6.1",
            "depd": "1.1.0",
            "destroy": "1.0.4",
            "encodeurl": "1.0.1",
            "escape-html": "1.0.3",
            "etag": "1.8.0",
            "fresh": "0.5.0",
            "http-errors": "1.6.1",
            "mime": "1.3.4",
            "ms": "0.7.2",
            "on-finished": "2.3.0",
            "range-parser": "1.2.0",
            "statuses": "1.3.1"
          },
          "dependencies": {
            "destroy": {
              "version": "1.0.4",
              "resolved": "https://registry.npm.taobao.org/destroy/download/destroy-1.0.4.tgz",
              "integrity": "sha1-l4hXRCxEdJ5CBmE+N5RiBYJqvYA="
            },
            "http-errors": {
              "version": "1.6.1",
              "resolved": "https://registry.npm.taobao.org/http-errors/download/http-errors-1.6.1.tgz",
              "integrity": "sha1-X4uO2YrKVFZWv1cplzh/kEpyIlc=",
              "requires": {
                "depd": "1.1.0",
                "inherits": "2.0.3",
                "setprototypeof": "1.0.3",
                "statuses": "1.3.1"
              },
              "dependencies": {
                "inherits": {
                  "version": "2.0.3",
                  "resolved": "https://registry.npm.taobao.org/inherits/download/inherits-2.0.3.tgz",
                  "integrity": "sha1-Yzwsg+PaQqUC9SRmAiSA9CCCYd4="
                }
              }
            },
            "mime": {
              "version": "1.3.4",
              "resolved": "https://registry.npm.taobao.org/mime/download/mime-1.3.4.tgz",
              "integrity": "sha1-EV+eO2s9rylZmDyzjxSaLUDrXVM="
            },
            "ms": {
              "version": "0.7.2",
              "resolved": "https://registry.npm.taobao.org/ms/download/ms-0.7.2.tgz",
              "integrity": "sha1-riXPJRKziFodldfwN4aNhDESR2U="
            }
          }
        },
        "serve-static": {
          "version": "1.12.1",
          "resolved": "https://registry.npm.taobao.org/serve-static/download/serve-static-1.12.1.tgz",
          "integrity": "sha1-dEOpZePO1kes61Y5+ga/TRu+ADk=",
          "requires": {
            "encodeurl": "1.0.1",
            "escape-html": "1.0.3",
            "parseurl": "1.3.1",
            "send": "0.15.1"
          }
        },
        "setprototypeof": {
          "version": "1.0.3",
          "resolved": "https://registry.npm.taobao.org/setprototypeof/download/setprototypeof-1.0.3.tgz",
          "integrity": "sha1-ZlZ+NwQ+608E2RvWWMDL77VbjgQ="
        },
        "statuses": {
          "version": "1.3.1",
          "resolved": "https://registry.npm.taobao.org/statuses/download/statuses-1.3.1.tgz",
          "integrity": "sha1-+vUbnrdKrvOzrPStX2Gr8ky3uT4="
        },
        "type-is": {
          "version": "1.6.14",
          "resolved": "https://registry.npm.taobao.org/type-is/download/type-is-1.6.14.tgz",
          "integrity": "sha1-4hljnBfe0coHiQkt1UoDgmuBfLI=",
          "requires": {
            "media-typer": "0.3.0",
            "mime-types": "2.1.15"
          },
          "dependencies": {
            "media-typer": {
              "version": "0.3.0",
              "resolved": "https://registry.npm.taobao.org/media-typer/download/media-typer-0.3.0.tgz",
              "integrity": "sha1-hxDXrwqmJvj/+hzgAWhUUmMlV0g="
            },
            "mime-types": {
              "version": "2.1.15",
              "resolved": "https://registry.npm.taobao.org/mime-types/download/mime-types-2.1.15.tgz",
              "integrity": "sha1-pOv1BkCUVpI3uM9wBGd20J/JKu0=",
              "requires": {
                "mime-db": "1.27.0"
              },
              "dependencies": {
                "mime-db": {
                  "version": "1.27.0",
                  "resolved": "https://registry.npm.taobao.org/mime-db/download/mime-db-1.27.0.tgz",
                  "integrity": "sha1-gg9XIpa70g7CXtVeW13oaeVDbrE="
                }
              }
            }
          }
        },
        "utils-merge": {
          "version": "1.0.0",
          "resolved": "https://registry.npm.taobao.org/utils-merge/download/utils-merge-1.0.0.tgz",
          "integrity": "sha1-ApT7kiu5N1FTVBxPcJYjHyh8ivg="
        },
        "vary": {
          "version": "1.1.1",
          "resolved": "https://registry.npm.taobao.org/vary/download/vary-1.1.1.tgz",
          "integrity": "sha1-Z1Neu2lMHVIldFeYRmUyP1h+jTc="
        }
      }
    },
    "extend": {
      "version": "3.0.2",
      "resolved": "https://registry.npm.taobao.org/extend/download/extend-3.0.2.tgz",
      "integrity": "sha1-+LETa0Bx+9jrFAr/hYsQGewpFfo="
    },
    "extract-zip": {
      "version": "1.6.7",
      "resolved": "https://registry.npm.taobao.org/extract-zip/download/extract-zip-1.6.7.tgz",
      "integrity": "sha1-qEC0uK9kAyZMjbV/Txp0Mz74H+k=",
      "requires": {
        "concat-stream": "1.6.2",
        "debug": "2.6.9",
        "mkdirp": "0.5.1",
        "yauzl": "2.4.1"
      }
    },
    "extsprintf": {
      "version": "1.3.0",
      "resolved": "https://registry.npm.taobao.org/extsprintf/download/extsprintf-1.3.0.tgz",
      "integrity": "sha1-lpGEQOMEGnpBT4xS48V06zw+HgU="
    },
    "fast-deep-equal": {
      "version": "2.0.1",
      "resolved": "https://registry.npm.taobao.org/fast-deep-equal/download/fast-deep-equal-2.0.1.tgz",
      "integrity": "sha1-ewUhjd+WZ79/Nwv3/bLLFf3Qqkk="
    },
    "fast-json-stable-stringify": {
      "version": "2.0.0",
      "resolved": "https://registry.npm.taobao.org/fast-json-stable-stringify/download/fast-json-stable-stringify-2.0.0.tgz",
      "integrity": "sha1-1RQsDK7msRifh9OnYREGT4bIu/I="
    },
    "fd-slicer": {
      "version": "1.0.1",
      "resolved": "https://registry.npm.taobao.org/fd-slicer/download/fd-slicer-1.0.1.tgz",
      "integrity": "sha1-i1vL2ewyfFBBv5qwI/1nUPEXfmU=",
      "requires": {
        "pend": "1.2.0"
      }
    },
    "forever-agent": {
      "version": "0.6.1",
      "resolved": "https://registry.npm.taobao.org/forever-agent/download/forever-agent-0.6.1.tgz",
      "integrity": "sha1-+8cfDEGt6zf5bFd60e1C2P2sypE="
    },
    "form-data": {
      "version": "2.3.3",
      "resolved": "https://registry.npm.taobao.org/form-data/download/form-data-2.3.3.tgz",
      "integrity": "sha1-3M5SwF9kTymManq5Nr1yTO/786Y=",
      "requires": {
        "asynckit": "0.4.0",
        "combined-stream": "1.0.8",
        "mime-types": "2.1.25"
      }
    },
    "fs-extra": {
      "version": "1.0.0",
      "resolved": "https://registry.npm.taobao.org/fs-extra/download/fs-extra-1.0.0.tgz",
      "integrity": "sha1-zTzl9+fLYUWIP8rjGR6Yd/hYeVA=",
      "requires": {
        "graceful-fs": "4.2.3",
        "jsonfile": "2.4.0",
        "klaw": "1.3.1"
      }
    },
    "fs.realpath": {
      "version": "1.0.0",
      "resolved": "https://registry.npm.taobao.org/fs.realpath/download/fs.realpath-1.0.0.tgz",
      "integrity": "sha1-FQStJSMVjKpA20onh8sBQRmU6k8="
    },
    "getpass": {
      "version": "0.1.7",
      "resolved": "https://registry.npm.taobao.org/getpass/download/getpass-0.1.7.tgz",
      "integrity": "sha1-Xv+OPmhNVprkyysSgmBOi6YhSfo=",
      "requires": {
        "assert-plus": "1.0.0"
      }
    },
    "glob": {
      "version": "7.1.6",
      "resolved": "https://registry.npm.taobao.org/glob/download/glob-7.1.6.tgz?cache=0&sync_timestamp=1573078079496&other_urls=https%3A%2F%2Fregistry.npm.taobao.org%2Fglob%2Fdownload%2Fglob-7.1.6.tgz",
      "integrity": "sha1-FB8zuBp8JJLhJVlDB0gMRmeSeKY=",
      "requires": {
        "fs.realpath": "1.0.0",
        "inflight": "1.0.6",
        "inherits": "2.0.4",
        "minimatch": "3.0.4",
        "once": "1.4.0",
        "path-is-absolute": "1.0.1"
      }
    },
    "graceful-fs": {
      "version": "4.2.3",
      "resolved": "https://registry.npm.taobao.org/graceful-fs/download/graceful-fs-4.2.3.tgz",
      "integrity": "sha1-ShL/G2A3bvCYYsIJPt2Qgyi+hCM="
    },
    "har-schema": {
      "version": "2.0.0",
      "resolved": "https://registry.npm.taobao.org/har-schema/download/har-schema-2.0.0.tgz",
      "integrity": "sha1-qUwiJOvKwEeCoNkDVSHyRzW37JI="
    },
    "har-validator": {
      "version": "5.1.3",
      "resolved": "https://registry.npm.taobao.org/har-validator/download/har-validator-5.1.3.tgz",
      "integrity": "sha1-HvievT5JllV2de7ZiTEQ3DUPoIA=",
      "requires": {
        "ajv": "6.10.2",
        "har-schema": "2.0.0"
      }
    },
    "hasha": {
      "version": "2.2.0",
      "resolved": "https://registry.npm.taobao.org/hasha/download/hasha-2.2.0.tgz",
      "integrity": "sha1-eNfL/B5tZjA/55g3NlmEUXsvbuE=",
      "requires": {
        "is-stream": "1.1.0",
        "pinkie-promise": "2.0.1"
      }
    },
    "highlight.js": {
      "version": "9.16.2",
      "resolved": "https://registry.npm.taobao.org/highlight.js/download/highlight.js-9.16.2.tgz",
      "integrity": "sha1-aDaNA5/+HGIRvMB+SD2vld4+QD4="
    },
    "http-signature": {
      "version": "1.2.0",
      "resolved": "https://registry.npm.taobao.org/http-signature/download/http-signature-1.2.0.tgz?cache=0&sync_timestamp=1572997209501&other_urls=https%3A%2F%2Fregistry.npm.taobao.org%2Fhttp-signature%2Fdownload%2Fhttp-signature-1.2.0.tgz",
      "integrity": "sha1-muzZJRFHcvPZW2WmCruPfBj7rOE=",
      "requires": {
        "assert-plus": "1.0.0",
        "jsprim": "1.4.1",
        "sshpk": "1.16.1"
      }
    },
    "inflight": {
      "version": "1.0.6",
      "resolved": "https://registry.npm.taobao.org/inflight/download/inflight-1.0.6.tgz",
      "integrity": "sha1-Sb1jMdfQLQwJvJEKEHW6gWW1bfk=",
      "requires": {
        "once": "1.4.0",
        "wrappy": "1.0.2"
      }
    },
    "inherits": {
      "version": "2.0.4",
      "resolved": "https://registry.npm.taobao.org/inherits/download/inherits-2.0.4.tgz",
      "integrity": "sha1-D6LGT5MpF8NDOg3tVTY6rjdBa3w="
    },
    "is-stream": {
      "version": "1.1.0",
      "resolved": "https://registry.npm.taobao.org/is-stream/download/is-stream-1.1.0.tgz",
      "integrity": "sha1-EtSj3U5o4Lec6428hBc66A2RykQ="
    },
    "is-typedarray": {
      "version": "1.0.0",
      "resolved": "https://registry.npm.taobao.org/is-typedarray/download/is-typedarray-1.0.0.tgz",
      "integrity": "sha1-5HnICFjfDBsR3dppQPlgEfzaSpo="
    },
    "isarray": {
      "version": "1.0.0",
      "resolved": "https://registry.npm.taobao.org/isarray/download/isarray-1.0.0.tgz",
      "integrity": "sha1-u5NdSFgsuhaMBoNJV6VKPgcSTxE="
    },
    "isexe": {
      "version": "2.0.0",
      "resolved": "https://registry.npm.taobao.org/isexe/download/isexe-2.0.0.tgz",
      "integrity": "sha1-6PvzdNxVb/iUehDcsFctYz8s+hA="
    },
    "isstream": {
      "version": "0.1.2",
      "resolved": "https://registry.npm.taobao.org/isstream/download/isstream-0.1.2.tgz",
      "integrity": "sha1-R+Y/evVa+m+S4VAOaQ64uFKcCZo="
    },
    "jsbn": {
      "version": "0.1.1",
      "resolved": "https://registry.npm.taobao.org/jsbn/download/jsbn-0.1.1.tgz",
      "integrity": "sha1-peZUwuWi3rXyAdls77yoDA7y9RM="
    },
    "json-schema": {
      "version": "0.2.3",
      "resolved": "https://registry.npm.taobao.org/json-schema/download/json-schema-0.2.3.tgz",
      "integrity": "sha1-tIDIkuWaLwWVTOcnvT8qTogvnhM="
    },
    "json-schema-traverse": {
      "version": "0.4.1",
      "resolved": "https://registry.npm.taobao.org/json-schema-traverse/download/json-schema-traverse-0.4.1.tgz",
      "integrity": "sha1-afaofZUTq4u4/mO9sJecRI5oRmA="
    },
    "json-stringify-safe": {
      "version": "5.0.1",
      "resolved": "https://registry.npm.taobao.org/json-stringify-safe/download/json-stringify-safe-5.0.1.tgz",
      "integrity": "sha1-Epai1Y/UXxmg9s4B1lcB4sc1tus="
    },
    "jsonfile": {
      "version": "2.4.0",
      "resolved": "https://registry.npm.taobao.org/jsonfile/download/jsonfile-2.4.0.tgz",
      "integrity": "sha1-NzaitCi4e72gzIO1P6PWM6NcKug=",
      "requires": {
        "graceful-fs": "4.2.3"
      }
    },
    "jsprim": {
      "version": "1.4.1",
      "resolved": "https://registry.npm.taobao.org/jsprim/download/jsprim-1.4.1.tgz",
      "integrity": "sha1-MT5mvB5cwG5Di8G3SZwuXFastqI=",
      "requires": {
        "assert-plus": "1.0.0",
        "extsprintf": "1.3.0",
        "json-schema": "0.2.3",
        "verror": "1.10.0"
      }
    },
    "kew": {
      "version": "0.7.0",
      "resolved": "https://registry.npm.taobao.org/kew/download/kew-0.7.0.tgz",
      "integrity": "sha1-edk9LTM2PW/dKXCzNdkUGtWR15s="
    },
    "klaw": {
      "version": "1.3.1",
      "resolved": "https://registry.npm.taobao.org/klaw/download/klaw-1.3.1.tgz",
      "integrity": "sha1-QIhDO0azsbolnXh4XY6W9zugJDk=",
      "requires": {
        "graceful-fs": "4.2.3"
      }
    },
    "markdown-pdf": {
      "version": "10.0.0",
      "resolved": "https://registry.npm.taobao.org/markdown-pdf/download/markdown-pdf-10.0.0.tgz",
      "integrity": "sha1-DPejJ0DClmqnk5KjV0J0nW7SpJE=",
      "requires": {
        "commander": "3.0.2",
        "duplexer": "0.1.1",
        "extend": "3.0.2",
        "highlight.js": "9.16.2",
        "phantomjs-prebuilt": "2.1.16",
        "remarkable": "2.0.0",
        "stream-from-to": "1.4.3",
        "through2": "3.0.1",
        "tmp": "0.1.0"
      }
    },
    "mime-db": {
      "version": "1.42.0",
      "resolved": "https://registry.npm.taobao.org/mime-db/download/mime-db-1.42.0.tgz",
      "integrity": "sha1-PiUpB7THrbkGWXtLZWNics+ee6w="
    },
    "mime-types": {
      "version": "2.1.25",
      "resolved": "https://registry.npm.taobao.org/mime-types/download/mime-types-2.1.25.tgz?cache=0&sync_timestamp=1573568362177&other_urls=https%3A%2F%2Fregistry.npm.taobao.org%2Fmime-types%2Fdownload%2Fmime-types-2.1.25.tgz",
      "integrity": "sha1-OXctRmIfk+KoCoVsU7hqYhVqZDc=",
      "requires": {
        "mime-db": "1.42.0"
      }
    },
    "minimatch": {
      "version": "3.0.4",
      "resolved": "https://registry.npm.taobao.org/minimatch/download/minimatch-3.0.4.tgz",
      "integrity": "sha1-UWbihkV/AzBgZL5Ul+jbsMPTIIM=",
      "requires": {
        "brace-expansion": "1.1.11"
      }
    },
    "minimist": {
      "version": "0.0.8",
      "resolved": "https://registry.npm.taobao.org/minimist/download/minimist-0.0.8.tgz",
      "integrity": "sha1-hX/Kv8M5fSYluCKCYuhqp6ARsF0="
    },
    "mkdirp": {
      "version": "0.5.1",
      "resolved": "https://registry.npm.taobao.org/mkdirp/download/mkdirp-0.5.1.tgz",
      "integrity": "sha1-MAV0OOrGz3+MR2fzhkjWaX11yQM=",
      "requires": {
        "minimist": "0.0.8"
      }
    },
    "ms": {
      "version": "2.0.0",
      "resolved": "https://registry.npm.taobao.org/ms/download/ms-2.0.0.tgz",
      "integrity": "sha1-VgiurfwAvmwpAd9fmGF4jeDVl8g="
    },
    "oauth-sign": {
      "version": "0.9.0",
      "resolved": "https://registry.npm.taobao.org/oauth-sign/download/oauth-sign-0.9.0.tgz",
      "integrity": "sha1-R6ewFrqmi1+g7PPe4IqFxnmsZFU="
    },
    "once": {
      "version": "1.4.0",
      "resolved": "https://registry.npm.taobao.org/once/download/once-1.4.0.tgz",
      "integrity": "sha1-WDsap3WWHUsROsF9nFC6753Xa9E=",
      "requires": {
        "wrappy": "1.0.2"
      }
    },
    "path-is-absolute": {
      "version": "1.0.1",
      "resolved": "https://registry.npm.taobao.org/path-is-absolute/download/path-is-absolute-1.0.1.tgz",
      "integrity": "sha1-F0uSaHNVNP+8es5r9TpanhtcX18="
    },
    "pend": {
      "version": "1.2.0",
      "resolved": "https://registry.npm.taobao.org/pend/download/pend-1.2.0.tgz",
      "integrity": "sha1-elfrVQpng/kRUzH89GY9XI4AelA="
    },
    "performance-now": {
      "version": "2.1.0",
      "resolved": "https://registry.npm.taobao.org/performance-now/download/performance-now-2.1.0.tgz",
      "integrity": "sha1-Ywn04OX6kT7BxpMHrjZLSzd8nns="
    },
    "phantomjs-prebuilt": {
      "version": "2.1.16",
      "resolved": "https://registry.npm.taobao.org/phantomjs-prebuilt/download/phantomjs-prebuilt-2.1.16.tgz",
      "integrity": "sha1-79ISpKOWbTZHaE6ouniFSb4q7+8=",
      "requires": {
        "es6-promise": "4.2.8",
        "extract-zip": "1.6.7",
        "fs-extra": "1.0.0",
        "hasha": "2.2.0",
        "kew": "0.7.0",
        "progress": "1.1.8",
        "request": "2.88.0",
        "request-progress": "2.0.1",
        "which": "1.3.1"
      }
    },
    "pinkie": {
      "version": "2.0.4",
      "resolved": "https://registry.npm.taobao.org/pinkie/download/pinkie-2.0.4.tgz",
      "integrity": "sha1-clVrgM+g1IqXToDnckjoDtT3+HA="
    },
    "pinkie-promise": {
      "version": "2.0.1",
      "resolved": "https://registry.npm.taobao.org/pinkie-promise/download/pinkie-promise-2.0.1.tgz",
      "integrity": "sha1-ITXW36ejWMBprJsXh3YogihFD/o=",
      "requires": {
        "pinkie": "2.0.4"
      }
    },
    "process-nextick-args": {
      "version": "2.0.1",
      "resolved": "https://registry.npm.taobao.org/process-nextick-args/download/process-nextick-args-2.0.1.tgz",
      "integrity": "sha1-eCDZsWEgzFXKmud5JoCufbptf+I="
    },
    "progress": {
      "version": "1.1.8",
      "resolved": "https://registry.npm.taobao.org/progress/download/progress-1.1.8.tgz",
      "integrity": "sha1-4mDHj2Fhzdmw5WzD4Khd4Xx6V74="
    },
    "psl": {
      "version": "1.4.0",
      "resolved": "https://registry.npm.taobao.org/psl/download/psl-1.4.0.tgz",
      "integrity": "sha1-XdJhVs22n6H9uKsZkWZ9P4DO18I="
    },
    "punycode": {
      "version": "2.1.1",
      "resolved": "https://registry.npm.taobao.org/punycode/download/punycode-2.1.1.tgz",
      "integrity": "sha1-tYsBCsQMIsVldhbI0sLALHv0eew="
    },
    "qs": {
      "version": "6.5.2",
      "resolved": "https://registry.npm.taobao.org/qs/download/qs-6.5.2.tgz",
      "integrity": "sha1-yzroBuh0BERYTvFUzo7pjUA/PjY="
    },
    "readable-stream": {
      "version": "2.3.6",
      "resolved": "https://registry.npm.taobao.org/readable-stream/download/readable-stream-2.3.6.tgz",
      "integrity": "sha1-sRwn2IuP8fvgcGQ8+UsMea4bCq8=",
      "requires": {
        "core-util-is": "1.0.2",
        "inherits": "2.0.4",
        "isarray": "1.0.0",
        "process-nextick-args": "2.0.1",
        "safe-buffer": "5.1.2",
        "string_decoder": "1.1.1",
        "util-deprecate": "1.0.2"
      }
    },
    "remarkable": {
      "version": "2.0.0",
      "resolved": "https://registry.npm.taobao.org/remarkable/download/remarkable-2.0.0.tgz",
      "integrity": "sha1-eV+WW+3oMANizlGnFu3DItnnpMo=",
      "requires": {
        "argparse": "1.0.10",
        "autolinker": "3.11.1"
      }
    },
    "request": {
      "version": "2.88.0",
      "resolved": "https://registry.npm.taobao.org/request/download/request-2.88.0.tgz",
      "integrity": "sha1-nC/KT301tZLv5Xx/ClXoEFIST+8=",
      "requires": {
        "aws-sign2": "0.7.0",
        "aws4": "1.9.0",
        "caseless": "0.12.0",
        "combined-stream": "1.0.8",
        "extend": "3.0.2",
        "forever-agent": "0.6.1",
        "form-data": "2.3.3",
        "har-validator": "5.1.3",
        "http-signature": "1.2.0",
        "is-typedarray": "1.0.0",
        "isstream": "0.1.2",
        "json-stringify-safe": "5.0.1",
        "mime-types": "2.1.25",
        "oauth-sign": "0.9.0",
        "performance-now": "2.1.0",
        "qs": "6.5.2",
        "safe-buffer": "5.1.2",
        "tough-cookie": "2.4.3",
        "tunnel-agent": "0.6.0",
        "uuid": "3.3.3"
      }
    },
    "request-progress": {
      "version": "2.0.1",
      "resolved": "https://registry.npm.taobao.org/request-progress/download/request-progress-2.0.1.tgz",
      "integrity": "sha1-XTa7V5YcZzqlt4jbyBQf3yO0Tgg=",
      "requires": {
        "throttleit": "1.0.0"
      }
    },
    "rimraf": {
      "version": "2.7.1",
      "resolved": "https://registry.npm.taobao.org/rimraf/download/rimraf-2.7.1.tgz",
      "integrity": "sha1-NXl/E6f9rcVmFCwp1PB8ytSD4+w=",
      "requires": {
        "glob": "7.1.6"
      }
    },
    "safe-buffer": {
      "version": "5.1.2",
      "resolved": "https://registry.npm.taobao.org/safe-buffer/download/safe-buffer-5.1.2.tgz",
      "integrity": "sha1-mR7GnSluAxN0fVm9/St0XDX4go0="
    },
    "safer-buffer": {
      "version": "2.1.2",
      "resolved": "https://registry.npm.taobao.org/safer-buffer/download/safer-buffer-2.1.2.tgz",
      "integrity": "sha1-RPoWGwGHuVSd2Eu5GAL5vYOFzWo="
    },
    "series-stream": {
      "version": "1.0.1",
      "resolved": "https://registry.npm.taobao.org/series-stream/download/series-stream-1.0.1.tgz",
      "integrity": "sha1-MRoJxcHVoJFECDLhpICkdADxAF0="
    },
    "sprintf-js": {
      "version": "1.0.3",
      "resolved": "https://registry.npm.taobao.org/sprintf-js/download/sprintf-js-1.0.3.tgz",
      "integrity": "sha1-BOaSb2YolTVPPdAVIDYzuFcpfiw="
    },
    "sshpk": {
      "version": "1.16.1",
      "resolved": "https://registry.npm.taobao.org/sshpk/download/sshpk-1.16.1.tgz",
      "integrity": "sha1-+2YcC+8ps520B2nuOfpwCT1vaHc=",
      "requires": {
        "asn1": "0.2.4",
        "assert-plus": "1.0.0",
        "bcrypt-pbkdf": "1.0.2",
        "dashdash": "1.14.1",
        "ecc-jsbn": "0.1.2",
        "getpass": "0.1.7",
        "jsbn": "0.1.1",
        "safer-buffer": "2.1.2",
        "tweetnacl": "0.14.5"
      }
    },
    "stream-from-to": {
      "version": "1.4.3",
      "resolved": "https://registry.npm.taobao.org/stream-from-to/download/stream-from-to-1.4.3.tgz",
      "integrity": "sha1-snBHPrxRTnNhVyfF0vdrIplB35Q=",
      "requires": {
        "async": "1.5.2",
        "concat-stream": "1.6.2",
        "mkdirp": "0.5.1",
        "series-stream": "1.0.1"
      }
    },
    "string_decoder": {
      "version": "1.1.1",
      "resolved": "https://registry.npm.taobao.org/string_decoder/download/string_decoder-1.1.1.tgz",
      "integrity": "sha1-nPFhG6YmhdcDCunkujQUnDrwP8g=",
      "requires": {
        "safe-buffer": "5.1.2"
      }
    },
    "throttleit": {
      "version": "1.0.0",
      "resolved": "https://registry.npm.taobao.org/throttleit/download/throttleit-1.0.0.tgz",
      "integrity": "sha1-nnhYNtr0Z0MUWlmEtiaNgoUorGw="
    },
    "through2": {
      "version": "3.0.1",
      "resolved": "https://registry.npm.taobao.org/through2/download/through2-3.0.1.tgz",
      "integrity": "sha1-OSducTwzAu3544jdnIEt07glvVo=",
      "requires": {
        "readable-stream": "2.3.6"
      }
    },
    "tmp": {
      "version": "0.1.0",
      "resolved": "https://registry.npm.taobao.org/tmp/download/tmp-0.1.0.tgz",
      "integrity": "sha1-7kNKTiJUMILilLpiAdzG6v76KHc=",
      "requires": {
        "rimraf": "2.7.1"
      }
    },
    "tough-cookie": {
      "version": "2.4.3",
      "resolved": "https://registry.npm.taobao.org/tough-cookie/download/tough-cookie-2.4.3.tgz",
      "integrity": "sha1-U/Nto/R3g7CSWvoG/587FlKA94E=",
      "requires": {
        "psl": "1.4.0",
        "punycode": "1.4.1"
      },
      "dependencies": {
        "punycode": {
          "version": "1.4.1",
          "resolved": "https://registry.npm.taobao.org/punycode/download/punycode-1.4.1.tgz",
          "integrity": "sha1-wNWmOycYgArY4esPpSachN1BhF4="
        }
      }
    },
    "tslib": {
      "version": "1.10.0",
      "resolved": "https://registry.npm.taobao.org/tslib/download/tslib-1.10.0.tgz",
      "integrity": "sha1-w8GflZc/sKYpc/sJ2Q2WHuQ+XIo="
    },
    "tunnel-agent": {
      "version": "0.6.0",
      "resolved": "https://registry.npm.taobao.org/tunnel-agent/download/tunnel-agent-0.6.0.tgz",
      "integrity": "sha1-J6XeoGs2sEoKmWZ3SykIaPD8QP0=",
      "requires": {
        "safe-buffer": "5.1.2"
      }
    },
    "tweetnacl": {
      "version": "0.14.5",
      "resolved": "https://registry.npm.taobao.org/tweetnacl/download/tweetnacl-0.14.5.tgz",
      "integrity": "sha1-WuaBd/GS1EViadEIr6k/+HQ/T2Q="
    },
    "typedarray": {
      "version": "0.0.6",
      "resolved": "https://registry.npm.taobao.org/typedarray/download/typedarray-0.0.6.tgz",
      "integrity": "sha1-hnrHTjhkGHsdPUfZlqeOxciDB3c="
    },
    "uri-js": {
      "version": "4.2.2",
      "resolved": "https://registry.npm.taobao.org/uri-js/download/uri-js-4.2.2.tgz",
      "integrity": "sha1-lMVA4f93KVbiKZUHwBCupsiDjrA=",
      "requires": {
        "punycode": "2.1.1"
      }
    },
    "util-deprecate": {
      "version": "1.0.2",
      "resolved": "https://registry.npm.taobao.org/util-deprecate/download/util-deprecate-1.0.2.tgz",
      "integrity": "sha1-RQ1Nyfpw3nMnYvvS1KKJgUGaDM8="
    },
    "uuid": {
      "version": "3.3.3",
      "resolved": "https://registry.npm.taobao.org/uuid/download/uuid-3.3.3.tgz",
      "integrity": "sha1-RWjwIW54dg7h2/Ok0s9T4iQRKGY="
    },
    "verror": {
      "version": "1.10.0",
      "resolved": "https://registry.npm.taobao.org/verror/download/verror-1.10.0.tgz",
      "integrity": "sha1-OhBcoXBTr1XW4nDB+CiGguGNpAA=",
      "requires": {
        "assert-plus": "1.0.0",
        "core-util-is": "1.0.2",
        "extsprintf": "1.3.0"
      }
    },
    "which": {
      "version": "1.3.1",
      "resolved": "https://registry.npm.taobao.org/which/download/which-1.3.1.tgz?cache=0&other_urls=https%3A%2F%2Fregistry.npm.taobao.org%2Fwhich%2Fdownload%2Fwhich-1.3.1.tgz",
      "integrity": "sha1-pFBD1U9YBTFtqNYvn1CRjT2nCwo=",
      "requires": {
        "isexe": "2.0.0"
      }
    },
    "wrappy": {
      "version": "1.0.2",
      "resolved": "https://registry.npm.taobao.org/wrappy/download/wrappy-1.0.2.tgz",
      "integrity": "sha1-tSQ9jz7BqjXxNkYFvA0QNuMKtp8="
    },
    "yauzl": {
      "version": "2.4.1",
      "resolved": "https://registry.npm.taobao.org/yauzl/download/yauzl-2.4.1.tgz",
      "integrity": "sha1-lSj0QtqxsihOWLQ3m7GU4i4MQAU=",
      "requires": {
        "fd-slicer": "1.0.1"
      }
    }
  }
}
